
Microsoft Visual Studio Solution File, Format Version 12.00
# Visual Studio Version 17
VisualStudioVersion = 17.5.002.0
MinimumVisualStudioVersion = 10.0.40219.1
Project("{2150E333-8FDC-42A3-9474-1A3956D46DE8}") = "src", "src", "{822DF03A-B8EE-41F9-8CB3-816056F47358}"
EndProject
Project("{9A19103F-16F7-4668-BE54-9A1E7A4F7556}") = "SampleClient", "src\SampleClient\SampleClient.csproj", "{DCD9ADB2-122D-4FF8-8766-09EA1CD8E781}"
EndProject
Project("{9A19103F-16F7-4668-BE54-9A1E7A4F7556}") = "Yrki.IoT.WMBus.IMSTim871A", "src\Yrki.IoT.WMBus.IMSTim871A\Yrki.IoT.WMBus.IMSTim871A.csproj", "{04511C77-D36C-4B69-9ADF-87EC26B54FBF}"
EndProject
Global
	GlobalSection(SolutionConfigurationPlatforms) = preSolution
		Debug|Any CPU = Debug|Any CPU
		Release|Any CPU = Release|Any CPU
	EndGlobalSection
	GlobalSection(ProjectConfigurationPlatforms) = postSolution
		{DCD9ADB2-122D-4FF8-8766-09EA1CD8E781}.Debug|Any CPU.ActiveCfg = Debug|Any CPU
		{DCD9ADB2-122D-4FF8-8766-09EA1CD8E781}.Debug|Any CPU.Build.0 = Debug|Any CPU
		{DCD9ADB2-122D-4FF8-8766-09EA1CD8E781}.Release|Any CPU.ActiveCfg = Release|Any CPU
		{DCD9ADB2-122D-4FF8-8766-09EA1CD8E781}.Release|Any CPU.Build.0 = Release|Any CPU
		{04511C77-D36C-4B69-9ADF-87EC26B54FBF}.Debug|Any CPU.ActiveCfg = Debug|Any CPU
		{04511C77-D36C-4B69-9ADF-87EC26B54FBF}.Debug|Any CPU.Build.0 = Debug|Any CPU
		{04511C77-D36C-4B69-9ADF-87EC26B54FBF}.Release|Any CPU.ActiveCfg = Release|Any CPU
		{04511C77-D36C-4B69-9ADF-87EC26B54FBF}.Release|Any CPU.Build.0 = Release|Any CPU
	EndGlobalSection
	GlobalSection(SolutionProperties) = preSolution
		HideSolutionNode = FALSE
	EndGlobalSection
	GlobalSection(NestedProjects) = preSolution
		{DCD9ADB2-122D-4FF8-8766-09EA1CD8E781} = {822DF03A-B8EE-41F9-8CB3-816056F47358}
		{04511C77-D36C-4B69-9ADF-87EC26B54FBF} = {822DF03A-B8EE-41F9-8CB3-816056F47358}
	EndGlobalSection
	GlobalSection(ExtensibilityGlobals) = postSolution
		SolutionGuid = {15BFB5C0-816E-42BD-A4D6-B050D1D21F67}
	EndGlobalSection
EndGlobal
